// !$*UTF8*$!
{
	archiveVersion = 1;
	classes = {
	};
	objectVersion = 46;
	objects = {

/* Begin PBXBuildFile section */
		5D41A7451D8EF18B0062B9A8 /* main.m in Sources */ = {isa = PBXBuildFile; fileRef = 5D41A7441D8EF18B0062B9A8 /* main.m */; };
		5D41A7481D8EF18B0062B9A8 /* AppDelegate.m in Sources */ = {isa = PBXBuildFile; fileRef = 5D41A7471D8EF18B0062B9A8 /* AppDelegate.m */; };
		5D41A74B1D8EF18B0062B9A8 /* ViewController.m in Sources */ = {isa = PBXBuildFile; fileRef = 5D41A74A1D8EF18B0062B9A8 /* ViewController.m */; };
		5D41A74E1D8EF18B0062B9A8 /* Main.storyboard in Resources */ = {isa = PBXBuildFile; fileRef = 5D41A74C1D8EF18B0062B9A8 /* Main.storyboard */; };
		5D41A7501D8EF18B0062B9A8 /* Assets.xcassets in Resources */ = {isa = PBXBuildFile; fileRef = 5D41A74F1D8EF18B0062B9A8 /* Assets.xcassets */; };
		5D41A7531D8EF18B0062B9A8 /* LaunchScreen.storyboard in Resources */ = {isa = PBXBuildFile; fileRef = 5D41A7511D8EF18B0062B9A8 /* LaunchScreen.storyboard */; };
/* End PBXBuildFile section */

/* Begin PBXFileReference section */
		5D41A7401D8EF18B0062B9A8 /* NineBox.app */ = {isa = PBXFileReference; explicitFileType = wrapper.application; includeInIndex = 0; path = NineBox.app; sourceTree = BUILT_PRODUCTS_DIR; };
		5D41A7441D8EF18B0062B9A8 /* main.m */ = {isa = PBXFileReference; lastKnownFileType = sourcecode.c.objc; path = main.m; sourceTree = "<group>"; };
		5D41A7461D8EF18B0062B9A8 /* AppDelegate.h */ = {isa = PBXFileReference; lastKnownFileType = sourcecode.c.h; path = AppDelegate.h; sourceTree = "<group>"; };
		5D41A7471D8EF18B0062B9A8 /* AppDelegate.m */ = {isa = PBXFileReference; lastKnownFileType = sourcecode.c.objc; path = AppDelegate.m; sourceTree = "<group>"; };
		5D41A7491D8EF18B0062B9A8 /* ViewController.h */ = {isa = PBXFileReference; lastKnownFileType = sourcecode.c.h; path = ViewController.h; sourceTree = "<group>"; };
		5D41A74A1D8EF18B0062B9A8 /* ViewController.m */ = {isa = PBXFileReference; lastKnownFileType = sourcecode.c.objc; path = ViewController.m; sourceTree = "<group>"; };
		5D41A74D1D8EF18B0062B9A8 /* Base */ = {isa = PBXFileReference; lastKnownFileType = file.storyboard; name = Base; path = Base.lproj/Main.storyboard; sourceTree = "<group>"; };
		5D41A74F1D8EF18B0062B9A8 /* Assets.xcassets */ = {isa = PBXFileReference; lastKnownFileType = folder.assetcatalog; path = Assets.xcassets; sourceTree = "<group>"; };
		5D41A7521D8EF18B0062B9A8 /* Base */ = {isa = PBXFileReference; lastKnownFileType = file.storyboard; name = Base; path = Base.lproj/LaunchScreen.storyboard; sourceTree = "<group>"; };
		5D41A7541D8EF18B0062B9A8 /* Info.plist */ = {isa = PBXFileReference; lastKnownFileType = text.plist.xml; path = Info.plist; sourceTree = "<group>"; };
/* End PBXFileReference section */

/* Begin PBXFrameworksBuildPhase section */
		5D41A73D1D8EF18B0062B9A8 /* Frameworks */ = {
			isa = PBXFrameworksBuildPhase;
			buildActionMask = 2147483647;
			files = (
			);
			runOnlyForDeploymentPostprocessing = 0;
		};
/* End PBXFrameworksBuildPhase section */

/* Begin PBXGroup section */
		5D41A7371D8EF18B0062B9A8 = {
			isa = PBXGroup;
			children = (
				5D41A7421D8EF18B0062B9A8 /* NineBox */,
				5D41A7411D8EF18B0062B9A8 /* Products */,
			);
			sourceTree = "<group>";
		};
		5D41A7411D8EF18B0062B9A8 /* Products */ = {
			isa = PBXGroup;
			children = (
				5D41A7401D8EF18B0062B9A8 /* NineBox.app */,
			);
			name = Products;
			sourceTree = "<group>";
		};
		5D41A7421D8EF18B0062B9A8 /* NineBox */ = {
			isa = PBXGroup;
			children = (
				5D41A7461D8EF18B0062B9A8 /* AppDelegate.h */,
				5D41A7471D8EF18B0062B9A8 /* AppDelegate.m */,
				5D41A7491D8EF18B0062B9A8 /* ViewController.h */,
				5D41A74A1D8EF18B0062B9A8 /* ViewController.m */,
				5D41A74C1D8EF18B0062B9A8 /* Main.storyboard */,
				5D41A74F1D8EF18B0062B9A8 /* Assets.xcassets */,
				5D41A7511D8EF18B0062B9A8 /* LaunchScreen.storyboard */,
				5D41A7541D8EF18B0062B9A8 /* Info.plist */,
				5D41A7431D8EF18B0062B9A8 /* Supporting Files */,
			);
			path = NineBox;
			sourceTree = "<group>";
		};
		5D41A7431D8EF18B0062B9A8 /* Supporting Files */ = {
			isa = PBXGroup;
			children = (
				5D41A7441D8EF18B0062B9A8 /* main.m */,
			);
			name = "Supporting Files";
			sourceTree = "<group>";
		};
/* End PBXGroup section */

/* Begin PBXNativeTarget section */
		5D41A73F1D8EF18B0062B9A8 /* NineBox */ = {
			isa = PBXNativeTarget;
			buildConfigurationList = 5D41A7571D8EF18B0062B9A8 /* Build configuration list for PBXNativeTarget "NineBox" */;
			buildPhases = (
				5D41A73C1D8EF18B0062B9A8 /* Sources */,
				5D41A73D1D8EF18B0062B9A8 /* Frameworks */,
				5D41A73E1D8EF18B0062B9A8 /* Resources */,
			);
			buildRules = (
			);
			dependencies = (
			);
			name = NineBox;
			productName = NineBox;
			productReference = 5D41A7401D8EF18B0062B9A8 /* NineBox.app */;
			productType = "com.apple.product-type.application";
		};
/* End PBXNativeTarget section */

/* Begin PBXProject section */
		5D41A7381D8EF18B0062B9A8 /* Project object */ = {
			isa = PBXProject;
			attributes = {
				LastUpgradeCheck = 0730;
				ORGANIZATIONNAME = gyw;
				TargetAttributes = {
					5D41A73F1D8EF18B0062B9A8 = {
						CreatedOnToolsVersion = 7.3.1;
					};
				};
			};
			buildConfigurationList = 5D41A73B1D8EF18B0062B9A8 /* Build configuration list for PBXProject "NineBox" */;
			compatibilityVersion = "Xcode 3.2";
			developmentRegion = English;
			hasScannedForEncodings = 0;
			knownRegions = (
				en,
				Base,
			);
			mainGroup = 5D41A7371D8EF18B0062B9A8;
			productRefGroup = 5D41A7411D8EF18B0062B9A8 /* Products */;
			projectDirPath = "";
			projectRoot = "";
			targets = (
				5D41A73F1D8EF18B0062B9A8 /* NineBox */,
			);
		};
/* End PBXProject section */

/* Begin PBXResourcesBuildPhase section */
		5D41A73E1D8EF18B0062B9A8 /* Resources */ = {
			isa = PBXResourcesBuildPhase;
			buildActionMask = 2147483647;
			files = (
				5D41A7531D8EF18B0062B9A8 /* LaunchScreen.storyboard in Resources */,
				5D41A7501D8EF18B0062B9A8 /* Assets.xcassets in Resources */,
				5D41A74E1D8EF18B0062B9A8 /* Main.storyboard in Resources */,
			);
			runOnlyForDeploymentPostprocessing = 0;
		};
/* End PBXResourcesBuildPhase section */

/* Begin PBXSourcesBuildPhase section */
		5D41A73C1D8EF18B0062B9A8 /* Sources */ = {
			isa = PBXSourcesBuildPhase;
			buildActionMask = 2147483647;
			files = (
				5D41A74B1D8EF18B0062B9A8 /* ViewController.m in Sources */,
				5D41A7481D8EF18B0062B9A8 /* AppDelegate.m in Sources */,
				5D41A7451D8EF18B0062B9A8 /* main.m in Sources */,
			);
			runOnlyForDeploymentPostprocessing = 0;
		};
/* End PBXSourcesBuildPhase section */

/* Begin PBXVariantGroup section */
		5D41A74C1D8EF18B0062B9A8 /* Main.storyboard */ = {
			isa = PBXVariantGroup;
			children = (
				5D41A74D1D8EF18B0062B9A8 /* Base */,
			);
			name = Main.storyboard;
			sourceTree = "<group>";
		};
		5D41A7511D8EF18B0062B9A8 /* LaunchScreen.storyboard */ = {
			isa = PBXVariantGroup;
			children = (
				5D41A7521D8EF18B0062B9A8 /* Base */,
			);
			name = LaunchScreen.storyboard;
			sourceTree = "<group>";
		};
/* End PBXVariantGroup section */

/* Begin XCBuildConfiguration section */
		5D41A7551D8EF18B0062B9A8 /* Debug */ = {
			isa = XCBuildConfiguration;
			buildSettings = {
				ALWAYS_SEARCH_USER_PATHS = NO;
				CLANG_ANALYZER_NONNULL = YES;
				CLANG_CXX_LANGUAGE_STANDARD = "gnu++0x";
				CLANG_CXX_LIBRARY = "libc++";
				CLANG_ENABLE_MODULES = YES;
				CLANG_ENABLE_OBJC_ARC = YES;
				CLANG_WARN_BOOL_CONVERSION = YES;
				CLANG_WARN_CONSTANT_CONVERSION = YES;
				CLANG_WARN_DIRECT_OBJC_ISA_USAGE = YES_ERROR;
				CLANG_WARN_EMPTY_BODY = YES;
				CLANG_WARN_ENUM_CONVERSION = YES;
				CLANG_WARN_INT_CONVERSION = YES;
				CLANG_WARN_OBJC_ROOT_CLASS = YES_ERROR;
				CLANG_WARN_UNREACHABLE_CODE = YES;
				CLANG_WARN__DUPLICATE_METHOD_MATCH = YES;
				"CODE_SIGN_IDENTITY[sdk=iphoneos*]" = "iPhone Developer";
				COPY_PHASE_STRIP = NO;
				DEBUG_INFORMATION_FORMAT = dwarf;
				ENABLE_STRICT_OBJC_MSGSEND = YES;
				ENABLE_TESTABILITY = YES;
				GCC_C_LANGUAGE_STANDARD = gnu99;
				GCC_DYNAMIC_NO_PIC = NO;
				GCC_NO_COMMON_BLOCKS = YES;
				GCC_OPTIMIZATION_LEVEL = 0;
				GCC_PREPROCESSOR_DEFINITIONS = (
					"DEBUG=1",
					"$(inherited)",
				);
				GCC_WARN_64_TO_32_BIT_CONVERSION = YES;
				GCC_WARN_ABOUT_RETURN_TYPE = YES_ERROR;
				GCC_WARN_UNDECLARED_SELECTOR = YES;
				GCC_WARN_UNINITIALIZED_AUTOS = YES_AGGRESSIVE;
				GCC_WARN_UNUSED_FUNCTION = YES;
				GCC_WARN_UNUSED_VARIABLE = YES;
				IPHONEOS_DEPLOYMENT_TARGET = 9.3;
				MTL_ENABLE_DEBUG_INFO = YES;
				ONLY_ACTIVE_ARCH = YES;
				SDKROOT = iphoneos;
			};
			name = Debug;
		};
		5D41A7561D8EF18B0062B9A8 /* Release */ = {
			isa = XCBuildConfiguration;
			buildSettings = {
				ALWAYS_SEARCH_USER_PATHS = NO;
				CLANG_ANALYZER_NONNULL = YES;
				CLANG_CXX_LANGUAGE_STANDARD = "gnu++0x";
				CLANG_CXX_LIBRARY = "libc++";
				CLANG_ENABLE_MODULES = YES;
				CLANG_ENABLE_OBJC_ARC = YES;
				CLANG_WARN_BOOL_CONVERSION = YES;
				CLANG_WARN_CONSTANT_CONVERSION = YES;
				CLANG_WARN_DIRECT_OBJC_ISA_USAGE = YES_ERROR;
				CLANG_WARN_EMPTY_BODY = YES;
				CLANG_WARN_ENUM_CONVERSION = YES;
				CLANG_WARN_INT_CONVERSION = YES;
				CLANG_WARN_OBJC_ROOT_CLASS = YES_ERROR;
				CLANG_WARN_UNREACHABLE_CODE = YES;
				CLANG_WARN__DUPLICATE_METHOD_MATCH = YES;
				"CODE_SIGN_IDENTITY[sdk=iphoneos*]" = "iPhone Developer";
				COPY_PHASE_STRIP = NO;
				DEBUG_INFORMATION_FORMAT = "dwarf-with-dsym";
				ENABLE_NS_ASSERTIONS = NO;
				ENABLE_STRICT_OBJC_MSGSEND = YES;
				GCC_C_LANGUAGE_STANDARD = gnu99;
				GCC_NO_COMMON_BLOCKS = YES;
				GCC_WARN_64_TO_32_BIT_CONVERSION = YES;
				GCC_WARN_ABOUT_RETURN_TYPE = YES_ERROR;
				GCC_WARN_UNDECLARED_SELECTOR = YES;
				GCC_WARN_UNINITIALIZED_AUTOS = YES_AGGRESSIVE;
				GCC_WARN_UNUSED_FUNCTION = YES;
				GCC_WARN_UNUSED_VARIABLE = YES;
				IPHONEOS_DEPLOYMENT_TARGET = 9.3;
				MTL_ENABLE_DEBUG_INFO = NO;
				SDKROOT = iphoneos;
				VALIDATE_PRODUCT = YES;
			};
			name = Release;
		};
		5D41A7581D8EF18B0062B9A8 /* Debug */ = {
			isa = XCBuildConfiguration;
			buildSettings = {
				ASSETCATALOG_COMPILER_APPICON_NAME = AppIcon;
				INFOPLIST_FILE = NineBox/Info.plist;
				LD_RUNPATH_SEARCH_PATHS = "$(inherited) @executable_path/Frameworks";
				PRODUCT_BUNDLE_IDENTIFIER = com.gyw.NineBox;
				PRODUCT_NAME = "$(TARGET_NAME)";
			};
			name = Debug;
		};
		5D41A7591D8EF18B0062B9A8 /* Release */ = {
			isa = XCBuildConfiguration;
			buildSettings = {
				ASSETCATALOG_COMPILER_APPICON_NAME = AppIcon;
				INFOPLIST_FILE = NineBox/Info.plist;
				LD_RUNPATH_SEARCH_PATHS = "$(inherited) @executable_path/Frameworks";
				PRODUCT_BUNDLE_IDENTIFIER = com.gyw.NineBox;
				PRODUCT_NAME = "$(TARGET_NAME)";
			};
			name = Release;
		};
/* End XCBuildConfiguration section */

/* Begin XCConfigurationList section */
		5D41A73B1D8EF18B0062B9A8 /* Build configuration list for PBXProject "NineBox" */ = {
			isa = XCConfigurationList;
			buildConfigurations = (
				5D41A7551D8EF18B0062B9A8 /* Debug */,
				5D41A7561D8EF18B0062B9A8 /* Release */,
			);
			defaultConfigurationIsVisible = 0;
			defaultConfigurationName = Release;
		};
		5D41A7571D8EF18B0062B9A8 /* Build configuration list for PBXNativeTarget "NineBox" */ = {
			isa = XCConfigurationList;
			buildConfigurations = (
				5D41A7581D8EF18B0062B9A8 /* Debug */,
				5D41A7591D8EF18B0062B9A8 /* Release */,
			);
			defaultConfigurationIsVisible = 0;
		};
/* End XCConfigurationList section */
	};
	rootObject = 5D41A7381D8EF18B0062B9A8 /* Project object */;
}
